Microsoft Visual Studio Solution File, Format Version 12.00
# Visual Studio Version 17
VisualStudioVersion = 17.5.2.0
MinimumVisualStudioVersion = 10.0.40219.1
Project("{FAE04EC0-301F-11D3-BF4B-00C04F79EFBC}") = "corlib", "corlib\corlib.csproj", "{1B655BE7-D448-EACB-A282-9B1AF155F1EC}"
EndProject
Global
	GlobalSection(SolutionConfigurationPlatforms) = preSolution
		Debug|Any CPU = Debug|Any CPU
		Release|Any CPU = Release|Any CPU
	EndGlobalSection
	GlobalSection(ProjectConfigurationPlatforms) = postSolution
		{1B655BE7-D448-EACB-A282-9B1AF155F1EC}.Debug|Any CPU.ActiveCfg = Debug|Any CPU
		{1B655BE7-D448-EACB-A282-9B1AF155F1EC}.Debug|Any CPU.Build.0 = Debug|Any CPU
		{1B655BE7-D448-EACB-A282-9B1AF155F1EC}.Release|Any CPU.ActiveCfg = Release|Any CPU
		{1B655BE7-D448-EACB-A282-9B1AF155F1EC}.Release|Any CPU.Build.0 = Release|Any CPU
	EndGlobalSection
	GlobalSection(SolutionProperties) = preSolution
		HideSolutionNode = FALSE
	EndGlobalSection
	GlobalSection(ExtensibilityGlobals) = postSolution
		SolutionGuid = {DE56A47D-A538-4744-A6C1-312161CC4454}
	EndGlobalSection
EndGlobal
